
Microsoft Visual Studio Solution File, Format Version 12.00
# Visual Studio Version 17
VisualStudioVersion = 17.14.36623.8 d17.14
MinimumVisualStudioVersion = 10.0.40219.1
Project("{FAE04EC0-301F-11D3-BF4B-00C04F79EFBC}") = "BookSmart", "BookSmart\BookSmart.csproj", "{E0CCDC50-E1CD-47A7-ACDA-A198A05A5FBB}"
EndProject
Global
	GlobalSection(SolutionConfigurationPlatforms) = preSolution
		Debug|Any CPU = Debug|Any CPU
		Release|Any CPU = Release|Any CPU
	EndGlobalSection
	GlobalSection(ProjectConfigurationPlatforms) = postSolution
		{E0CCDC50-E1CD-47A7-ACDA-A198A05A5FBB}.Debug|Any CPU.ActiveCfg = Debug|Any CPU
		{E0CCDC50-E1CD-47A7-ACDA-A198A05A5FBB}.Debug|Any CPU.Build.0 = Debug|Any CPU
		{E0CCDC50-E1CD-47A7-ACDA-A198A05A5FBB}.Release|Any CPU.ActiveCfg = Release|Any CPU
		{E0CCDC50-E1CD-47A7-ACDA-A198A05A5FBB}.Release|Any CPU.Build.0 = Release|Any CPU
	EndGlobalSection
	GlobalSection(SolutionProperties) = preSolution
		HideSolutionNode = FALSE
	EndGlobalSection
	GlobalSection(ExtensibilityGlobals) = postSolution
		SolutionGuid = {28B11B94-E86E-4093-8E18-13653BD53160}
	EndGlobalSection
EndGlobal
